
Microsoft Visual Studio Solution File, Format Version 12.00
# Visual Studio 15
VisualStudioVersion = 15.0.27703.2042
MinimumVisualStudioVersion = 10.0.40219.1
Project("{FAE04EC0-301F-11D3-BF4B-00C04F79EFBC}") = "RailwayTicket", "RailwayTicket\RailwayTicket.csproj", "{4DDA2284-23E7-4BAA-AB9F-0EBAE902B0DB}"
EndProject
Global
	GlobalSection(SolutionConfigurationPlatforms) = preSolution
		Debug|Any CPU = Debug|Any CPU
		Release|Any CPU = Release|Any CPU
	EndGlobalSection
	GlobalSection(ProjectConfigurationPlatforms) = postSolution
		{4DDA2284-23E7-4BAA-AB9F-0EBAE902B0DB}.Debug|Any CPU.ActiveCfg = Debug|Any CPU
		{4DDA2284-23E7-4BAA-AB9F-0EBAE902B0DB}.Debug|Any CPU.Build.0 = Debug|Any CPU
		{4DDA2284-23E7-4BAA-AB9F-0EBAE902B0DB}.Release|Any CPU.ActiveCfg = Release|Any CPU
		{4DDA2284-23E7-4BAA-AB9F-0EBAE902B0DB}.Release|Any CPU.Build.0 = Release|Any CPU
	EndGlobalSection
	GlobalSection(SolutionProperties) = preSolution
		HideSolutionNode = FALSE
	EndGlobalSection
	GlobalSection(ExtensibilityGlobals) = postSolution
		SolutionGuid = {5B116A7C-ECD2-44C5-8297-3AC99890D7D3}
	EndGlobalSection
EndGlobal
